
Microsoft Visual Studio Solution File, Format Version 12.00
# Visual Studio Version 17
VisualStudioVersion = 17.12.35527.113 d17.12
MinimumVisualStudioVersion = 10.0.40219.1
Project("{FAE04EC0-301F-11D3-BF4B-00C04F79EFBC}") = "JimmyLinq", "JimmyLinq\JimmyLinq.csproj", "{34841A86-E1AA-466E-A7E6-207D20F4E7B1}"
EndProject
Project("{FAE04EC0-301F-11D3-BF4B-00C04F79EFBC}") = "JimmyLinqTests", "JimmyLinqTests\JimmyLinqTests.csproj", "{D263A670-CD19-42D4-8853-175604CDEA0F}"
EndProject
Global
	GlobalSection(SolutionConfigurationPlatforms) = preSolution
		Debug|Any CPU = Debug|Any CPU
		Release|Any CPU = Release|Any CPU
	EndGlobalSection
	GlobalSection(ProjectConfigurationPlatforms) = postSolution
		{34841A86-E1AA-466E-A7E6-207D20F4E7B1}.Debug|Any CPU.ActiveCfg = Debug|Any CPU
		{34841A86-E1AA-466E-A7E6-207D20F4E7B1}.Debug|Any CPU.Build.0 = Debug|Any CPU
		{34841A86-E1AA-466E-A7E6-207D20F4E7B1}.Release|Any CPU.ActiveCfg = Release|Any CPU
		{34841A86-E1AA-466E-A7E6-207D20F4E7B1}.Release|Any CPU.Build.0 = Release|Any CPU
		{D263A670-CD19-42D4-8853-175604CDEA0F}.Debug|Any CPU.ActiveCfg = Debug|Any CPU
		{D263A670-CD19-42D4-8853-175604CDEA0F}.Debug|Any CPU.Build.0 = Debug|Any CPU
		{D263A670-CD19-42D4-8853-175604CDEA0F}.Release|Any CPU.ActiveCfg = Release|Any CPU
		{D263A670-CD19-42D4-8853-175604CDEA0F}.Release|Any CPU.Build.0 = Release|Any CPU
	EndGlobalSection
	GlobalSection(SolutionProperties) = preSolution
		HideSolutionNode = FALSE
	EndGlobalSection
EndGlobal
