
Microsoft Visual Studio Solution File, Format Version 12.00
# Visual Studio Version 17
VisualStudioVersion = 17.12.35527.113 d17.12
MinimumVisualStudioVersion = 10.0.40219.1
Project("{FAE04EC0-301F-11D3-BF4B-00C04F79EFBC}") = "JSONSerialization", "JSONSerialization\JSONSerialization.csproj", "{6B4AD066-00C3-4546-843D-84F3F02A41E3}"
EndProject
Project("{FAE04EC0-301F-11D3-BF4B-00C04F79EFBC}") = "Unicode", "Unicode\Unicode.csproj", "{60C6ECB3-8892-4B5A-92D0-7AA50883EBE4}"
EndProject
Global
	GlobalSection(SolutionConfigurationPlatforms) = preSolution
		Debug|Any CPU = Debug|Any CPU
		Release|Any CPU = Release|Any CPU
	EndGlobalSection
	GlobalSection(ProjectConfigurationPlatforms) = postSolution
		{6B4AD066-00C3-4546-843D-84F3F02A41E3}.Debug|Any CPU.ActiveCfg = Debug|Any CPU
		{6B4AD066-00C3-4546-843D-84F3F02A41E3}.Debug|Any CPU.Build.0 = Debug|Any CPU
		{6B4AD066-00C3-4546-843D-84F3F02A41E3}.Release|Any CPU.ActiveCfg = Release|Any CPU
		{6B4AD066-00C3-4546-843D-84F3F02A41E3}.Release|Any CPU.Build.0 = Release|Any CPU
		{60C6ECB3-8892-4B5A-92D0-7AA50883EBE4}.Debug|Any CPU.ActiveCfg = Debug|Any CPU
		{60C6ECB3-8892-4B5A-92D0-7AA50883EBE4}.Debug|Any CPU.Build.0 = Debug|Any CPU
		{60C6ECB3-8892-4B5A-92D0-7AA50883EBE4}.Release|Any CPU.ActiveCfg = Release|Any CPU
		{60C6ECB3-8892-4B5A-92D0-7AA50883EBE4}.Release|Any CPU.Build.0 = Release|Any CPU
	EndGlobalSection
	GlobalSection(SolutionProperties) = preSolution
		HideSolutionNode = FALSE
	EndGlobalSection
EndGlobal
