
Microsoft Visual Studio Solution File, Format Version 12.00
# Visual Studio Version 17
VisualStudioVersion = 17.12.35527.113 d17.12
MinimumVisualStudioVersion = 10.0.40219.1
Project("{FAE04EC0-301F-11D3-BF4B-00C04F79EFBC}") = "LambdaTest", "LambdaTest\LambdaTest.csproj", "{BA13531D-9F65-4BBF-9C76-C2BB2F90FCA5}"
EndProject
Global
	GlobalSection(SolutionConfigurationPlatforms) = preSolution
		Debug|Any CPU = Debug|Any CPU
		Release|Any CPU = Release|Any CPU
	EndGlobalSection
	GlobalSection(ProjectConfigurationPlatforms) = postSolution
		{BA13531D-9F65-4BBF-9C76-C2BB2F90FCA5}.Debug|Any CPU.ActiveCfg = Debug|Any CPU
		{BA13531D-9F65-4BBF-9C76-C2BB2F90FCA5}.Debug|Any CPU.Build.0 = Debug|Any CPU
		{BA13531D-9F65-4BBF-9C76-C2BB2F90FCA5}.Release|Any CPU.ActiveCfg = Release|Any CPU
		{BA13531D-9F65-4BBF-9C76-C2BB2F90FCA5}.Release|Any CPU.Build.0 = Release|Any CPU
	EndGlobalSection
	GlobalSection(SolutionProperties) = preSolution
		HideSolutionNode = FALSE
	EndGlobalSection
EndGlobal
